
Microsoft Visual Studio Solution File, Format Version 12.00
# Visual Studio 15
VisualStudioVersion = 15.0.28010.2036
MinimumVisualStudioVersion = 10.0.40219.1
Project("{FAE04EC0-301F-11D3-BF4B-00C04F79EFBC}") = "ProgrammingGame2", "ProgrammingGame2\ProgrammingGame2.csproj", "{60EFB5AB-5473-4EC0-BC61-8B5D5C0F51FE}"
EndProject
Global
	GlobalSection(SolutionConfigurationPlatforms) = preSolution
		Debug|ARM = Debug|ARM
		Debug|x64 = Debug|x64
		Debug|x86 = Debug|x86
		Release|ARM = Release|ARM
		Release|x64 = Release|x64
		Release|x86 = Release|x86
	EndGlobalSection
	GlobalSection(ProjectConfigurationPlatforms) = postSolution
		{60EFB5AB-5473-4EC0-BC61-8B5D5C0F51FE}.Debug|ARM.ActiveCfg = Debug|ARM
		{60EFB5AB-5473-4EC0-BC61-8B5D5C0F51FE}.Debug|ARM.Build.0 = Debug|ARM
		{60EFB5AB-5473-4EC0-BC61-8B5D5C0F51FE}.Debug|ARM.Deploy.0 = Debug|ARM
		{60EFB5AB-5473-4EC0-BC61-8B5D5C0F51FE}.Debug|x64.ActiveCfg = Debug|x64
		{60EFB5AB-5473-4EC0-BC61-8B5D5C0F51FE}.Debug|x64.Build.0 = Debug|x64
		{60EFB5AB-5473-4EC0-BC61-8B5D5C0F51FE}.Debug|x64.Deploy.0 = Debug|x64
		{60EFB5AB-5473-4EC0-BC61-8B5D5C0F51FE}.Debug|x86.ActiveCfg = Debug|x86
		{60EFB5AB-5473-4EC0-BC61-8B5D5C0F51FE}.Debug|x86.Build.0 = Debug|x86
		{60EFB5AB-5473-4EC0-BC61-8B5D5C0F51FE}.Debug|x86.Deploy.0 = Debug|x86
		{60EFB5AB-5473-4EC0-BC61-8B5D5C0F51FE}.Release|ARM.ActiveCfg = Release|ARM
		{60EFB5AB-5473-4EC0-BC61-8B5D5C0F51FE}.Release|ARM.Build.0 = Release|ARM
		{60EFB5AB-5473-4EC0-BC61-8B5D5C0F51FE}.Release|ARM.Deploy.0 = Release|ARM
		{60EFB5AB-5473-4EC0-BC61-8B5D5C0F51FE}.Release|x64.ActiveCfg = Release|x64
		{60EFB5AB-5473-4EC0-BC61-8B5D5C0F51FE}.Release|x64.Build.0 = Release|x64
		{60EFB5AB-5473-4EC0-BC61-8B5D5C0F51FE}.Release|x64.Deploy.0 = Release|x64
		{60EFB5AB-5473-4EC0-BC61-8B5D5C0F51FE}.Release|x86.ActiveCfg = Release|x86
		{60EFB5AB-5473-4EC0-BC61-8B5D5C0F51FE}.Release|x86.Build.0 = Release|x86
		{60EFB5AB-5473-4EC0-BC61-8B5D5C0F51FE}.Release|x86.Deploy.0 = Release|x86
	EndGlobalSection
	GlobalSection(SolutionProperties) = preSolution
		HideSolutionNode = FALSE
	EndGlobalSection
	GlobalSection(ExtensibilityGlobals) = postSolution
		SolutionGuid = {54F94EDF-0B49-4B1A-AD9E-FA7ED9C66FE1}
	EndGlobalSection
EndGlobal
